{
    "version": 3,
    "terraform_version": "0.9.11",
    "serial": 5,
    "lineage": "63760d1e-472e-44fc-9e6b-5548861af0df",
    "modules": [
        {
            "path": [
                "root"
            ],
            "outputs": {},
            "resources": {
                "aws_instance.example": {
                    "type": "aws_instance",
                    "depends_on": [
                        "aws_security_group.instance"
                    ],
                    "primary": {
                        "id": "i-0709ab3b3d2818dc3",
                        "attributes": {
                            "ami": "ami-6d48500b",
                            "associate_public_ip_address": "true",
                            "availability_zone": "eu-west-1c",
                            "disable_api_termination": "false",
                            "ebs_block_device.#": "0",
                            "ebs_optimized": "false",
                            "ephemeral_block_device.#": "0",
                            "iam_instance_profile": "",
                            "id": "i-0709ab3b3d2818dc3",
                            "instance_state": "running",
                            "instance_type": "t2.micro",
                            "ipv6_addresses.#": "0",
                            "key_name": "",
                            "monitoring": "false",
                            "network_interface.#": "0",
                            "network_interface_id": "eni-4038e97c",
                            "primary_network_interface_id": "eni-4038e97c",
                            "private_dns": "ip-172-31-27-48.eu-west-1.compute.internal",
                            "private_ip": "172.31.27.48",
                            "public_dns": "ec2-52-211-122-95.eu-west-1.compute.amazonaws.com",
                            "public_ip": "52.211.122.95",
                            "root_block_device.#": "1",
                            "root_block_device.0.delete_on_termination": "true",
                            "root_block_device.0.iops": "100",
                            "root_block_device.0.volume_size": "8",
                            "root_block_device.0.volume_type": "gp2",
                            "security_groups.#": "0",
                            "source_dest_check": "true",
                            "subnet_id": "subnet-8b2e9ac2",
                            "tags.%": "1",
                            "tags.Name": "terraform-example",
                            "tenancy": "default",
                            "user_data": "c5f62554ae3398a3c512a7a14d0ba8e440f22306",
                            "volume_tags.%": "0",
                            "vpc_security_group_ids.#": "1",
                            "vpc_security_group_ids.3019522084": "sg-318f5249"
                        },
                        "meta": {
                            "e2bfb730-ecaa-11e6-8f88-34363bc7c4c0": {
                                "create": 600000000000,
                                "delete": 600000000000,
                                "update": 600000000000
                            },
                            "schema_version": "1"
                        },
                        "tainted": false
                    },
                    "deposed": [],
                    "provider": ""
                },
                "aws_security_group.instance": {
                    "type": "aws_security_group",
                    "depends_on": [],
                    "primary": {
                        "id": "sg-318f5249",
                        "attributes": {
                            "description": "Managed by Terraform",
                            "egress.#": "0",
                            "id": "sg-318f5249",
                            "ingress.#": "1",
                            "ingress.516175195.cidr_blocks.#": "1",
                            "ingress.516175195.cidr_blocks.0": "0.0.0.0/0",
                            "ingress.516175195.from_port": "8080",
                            "ingress.516175195.ipv6_cidr_blocks.#": "0",
                            "ingress.516175195.protocol": "tcp",
                            "ingress.516175195.security_groups.#": "0",
                            "ingress.516175195.self": "false",
                            "ingress.516175195.to_port": "8080",
                            "name": "terraform-example-instance",
                            "owner_id": "813630055421",
                            "tags.%": "0",
                            "vpc_id": "vpc-76238911"
                        },
                        "meta": {},
                        "tainted": false
                    },
                    "deposed": [],
                    "provider": ""
                }
            },
            "depends_on": []
        }
    ]
}
